# This file is generated by running "yarn install" inside your project.
# Manual changes might be lost - proceed with caution!

__metadata:
  version: 8
  cacheKey: 10c0

"@types/react-dom@npm:^19.1.5":
  version: 19.1.5
  resolution: "@types/react-dom@npm:19.1.5"
  peerDependencies:
    "@types/react": ^19.0.0
  checksum: 10c0/2a29e77cf6bb6e9f57bcfa54509c216cad2e16e244f0bd56369966ec88c072b9c91f6011d14f9e18fbfe2b801b18b86f616de75e5c8aef0be73c1f74abb33b49
  languageName: node
  linkType: hard

"@types/react@npm:^19.1.4":
  version: 19.1.4
  resolution: "@types/react@npm:19.1.4"
  dependencies:
    csstype: "npm:^3.0.2"
  checksum: 10c0/501350d4f9cef13c5dd1b1496fa70ebaff52f6fa359b623b51c9d817e5bc4333fa3c8b7a6a4cbc88c643385052d66a243c3ceccfd6926062f917a2dd0535f6b3
  languageName: node
  linkType: hard

"@types/uuid@npm:^10.0.0":
  version: 10.0.0
  resolution: "@types/uuid@npm:10.0.0"
  checksum: 10c0/9a1404bf287164481cb9b97f6bb638f78f955be57c40c6513b7655160beb29df6f84c915aaf4089a1559c216557dc4d2f79b48d978742d3ae10b937420ddac60
  languageName: node
  linkType: hard

"clsx@npm:^1.1.0":
  version: 1.2.1
  resolution: "clsx@npm:1.2.1"
  checksum: 10c0/34dead8bee24f5e96f6e7937d711978380647e936a22e76380290e35486afd8634966ce300fc4b74a32f3762c7d4c0303f442c3e259f4ce02374eb0c82834f27
  languageName: node
  linkType: hard

"csstype@npm:^3.0.10, csstype@npm:^3.0.2":
  version: 3.1.3
  resolution: "csstype@npm:3.1.3"
  checksum: 10c0/80c089d6f7e0c5b2bd83cf0539ab41474198579584fa10d86d0cafe0642202343cbc119e076a0b1aece191989477081415d66c9fefbf3c957fc2fc4b7009f248
  languageName: node
  linkType: hard

"goober@npm:^2.0.33":
  version: 2.1.16
  resolution: "goober@npm:2.1.16"
  peerDependencies:
    csstype: ^3.0.10
  checksum: 10c0/f4c8256bf9c27873d47c1443f348779ac7f322516cb80a5dc647a6ebe790ce6bb9d3f487a0fb8be0b583fb96b9b2f6b7463f7fea3cd680306f95fa6fc9db1f6a
  languageName: node
  linkType: hard

"notistack@npm:^3.0.2":
  version: 3.0.2
  resolution: "notistack@npm:3.0.2"
  dependencies:
    clsx: "npm:^1.1.0"
    goober: "npm:^2.0.33"
  peerDependencies:
    react: ^17.0.0 || ^18.0.0 || ^19.0.0
    react-dom: ^17.0.0 || ^18.0.0 || ^19.0.0
  checksum: 10c0/82a0270ee1b9e70bc1dfad4d7e1d2bbb6dc08ac887b920986dcfa58cc2aa975bd48b71f7cf3afc2e11badd142ba9ade5f708c858ee2080b9d4cd950b80c43811
  languageName: node
  linkType: hard

"root-workspace-0b6124@workspace:.":
  version: 0.0.0-use.local
  resolution: "root-workspace-0b6124@workspace:."
  dependencies:
    "@types/react": "npm:^19.1.4"
    "@types/react-dom": "npm:^19.1.5"
    "@types/uuid": "npm:^10.0.0"
    notistack: "npm:^3.0.2"
    uuid: "npm:^11.1.0"
  languageName: unknown
  linkType: soft

"uuid@npm:^11.1.0":
  version: 11.1.0
  resolution: "uuid@npm:11.1.0"
  bin:
    uuid: dist/esm/bin/uuid
  checksum: 10c0/34aa51b9874ae398c2b799c88a127701408cd581ee89ec3baa53509dd8728cbb25826f2a038f9465f8b7be446f0fbf11558862965b18d21c993684297628d4d3
  languageName: node
  linkType: hard
